// !$*UTF8*$!
{
	archiveVersion = 1;
	classes = {
	};
	objectVersion = 46;
	objects = {

/* Begin PBXBuildFile section */
		966F5E9E1F7247A500D7E384 /* Bristol in Resources */ = {isa = PBXBuildFile; fileRef = 966F5E9D1F7247A500D7E384 /* Bristol */; };
		96862A0A1F625BAB005B5D1A /* ArcGIS.bundle in Resources */ = {isa = PBXBuildFile; fileRef = 96862A091F625BAB005B5D1A /* ArcGIS.bundle */; };
		96CE6BB01B662B9E0053F476 /* AppDelegate.swift in Sources */ = {isa = PBXBuildFile; fileRef = 96CE6BAF1B662B9E0053F476 /* AppDelegate.swift */; };
		96CE6BB51B662B9E0053F476 /* Main.storyboard in Resources */ = {isa = PBXBuildFile; fileRef = 96CE6BB31B662B9E0053F476 /* Main.storyboard */; };
		96CE6BB71B662B9E0053F476 /* Images.xcassets in Resources */ = {isa = PBXBuildFile; fileRef = 96CE6BB61B662B9E0053F476 /* Images.xcassets */; };
		96CE6BBA1B662B9E0053F476 /* LaunchScreen.xib in Resources */ = {isa = PBXBuildFile; fileRef = 96CE6BB81B662B9E0053F476 /* LaunchScreen.xib */; };
		96E9F4D01F626D7F006B3F2F /* Animate3DGraphic.storyboard in Resources */ = {isa = PBXBuildFile; fileRef = 96E9F4C91F626D71006B3F2F /* Animate3DGraphic.storyboard */; };
		96E9F4D11F626D84006B3F2F /* Animate3DGraphicViewController.swift in Sources */ = {isa = PBXBuildFile; fileRef = 96E9F4CA1F626D71006B3F2F /* Animate3DGraphicViewController.swift */; };
		96E9F4D21F626D87006B3F2F /* CameraSettingsViewController.swift in Sources */ = {isa = PBXBuildFile; fileRef = 96E9F4CB1F626D71006B3F2F /* CameraSettingsViewController.swift */; };
		96E9F4D31F626D91006B3F2F /* MissionSettingsViewController.swift in Sources */ = {isa = PBXBuildFile; fileRef = 96E9F4CD1F626D71006B3F2F /* MissionSettingsViewController.swift */; };
		96E9F4D41F626D94006B3F2F /* PlaneStatsViewController.swift in Sources */ = {isa = PBXBuildFile; fileRef = 96E9F4CE1F626D71006B3F2F /* PlaneStatsViewController.swift */; };
		96E9F4D81F626E9D006B3F2F /* HorizontalPicker.swift in Sources */ = {isa = PBXBuildFile; fileRef = 96E9F4D61F626E99006B3F2F /* HorizontalPicker.swift */; };
		96E9F4D91F626EA7006B3F2F /* HorizontalPicker.xib in Resources */ = {isa = PBXBuildFile; fileRef = 96E9F4D71F626E99006B3F2F /* HorizontalPicker.xib */; };
		96E9F4E21F6277E9006B3F2F /* GrandCanyon.csv in Resources */ = {isa = PBXBuildFile; fileRef = 96E9F4DE1F6277A2006B3F2F /* GrandCanyon.csv */; };
		96E9F4E31F6277EB006B3F2F /* Hawaii.csv in Resources */ = {isa = PBXBuildFile; fileRef = 96E9F4DF1F6277A2006B3F2F /* Hawaii.csv */; };
		96E9F4E41F6277EE006B3F2F /* Pyrenees.csv in Resources */ = {isa = PBXBuildFile; fileRef = 96E9F4E01F6277A2006B3F2F /* Pyrenees.csv */; };
		96E9F4E51F6277F1006B3F2F /* Snowdon.csv in Resources */ = {isa = PBXBuildFile; fileRef = 96E9F4E11F6277A2006B3F2F /* Snowdon.csv */; };
/* End PBXBuildFile section */

/* Begin PBXFileReference section */
		966F5E9D1F7247A500D7E384 /* Bristol */ = {isa = PBXFileReference; lastKnownFileType = folder; path = Bristol; sourceTree = "<group>"; };
		96862A091F625BAB005B5D1A /* ArcGIS.bundle */ = {isa = PBXFileReference; lastKnownFileType = "wrapper.plug-in"; name = ArcGIS.bundle; path = ../../../../Library/SDKs/ArcGIS/iOS/Frameworks/Static/ArcGIS.framework/Versions/Current/Resources/ArcGIS.bundle; sourceTree = "<group>"; };
		96CE6BAA1B662B9E0053F476 /* 3DFlight.app */ = {isa = PBXFileReference; explicitFileType = wrapper.application; includeInIndex = 0; path = 3DFlight.app; sourceTree = BUILT_PRODUCTS_DIR; };
		96CE6BAE1B662B9E0053F476 /* Info.plist */ = {isa = PBXFileReference; lastKnownFileType = text.plist.xml; path = Info.plist; sourceTree = "<group>"; };
		96CE6BAF1B662B9E0053F476 /* AppDelegate.swift */ = {isa = PBXFileReference; lastKnownFileType = sourcecode.swift; path = AppDelegate.swift; sourceTree = "<group>"; };
		96CE6BB41B662B9E0053F476 /* Base */ = {isa = PBXFileReference; lastKnownFileType = file.storyboard; name = Base; path = Base.lproj/Main.storyboard; sourceTree = "<group>"; };
		96CE6BB61B662B9E0053F476 /* Images.xcassets */ = {isa = PBXFileReference; lastKnownFileType = folder.assetcatalog; path = Images.xcassets; sourceTree = "<group>"; };
		96CE6BB91B662B9E0053F476 /* Base */ = {isa = PBXFileReference; lastKnownFileType = file.xib; name = Base; path = Base.lproj/LaunchScreen.xib; sourceTree = "<group>"; };
		96E9F4C91F626D71006B3F2F /* Animate3DGraphic.storyboard */ = {isa = PBXFileReference; lastKnownFileType = file.storyboard; path = Animate3DGraphic.storyboard; sourceTree = "<group>"; };
		96E9F4CA1F626D71006B3F2F /* Animate3DGraphicViewController.swift */ = {isa = PBXFileReference; lastKnownFileType = sourcecode.swift; path = Animate3DGraphicViewController.swift; sourceTree = "<group>"; };
		96E9F4CB1F626D71006B3F2F /* CameraSettingsViewController.swift */ = {isa = PBXFileReference; lastKnownFileType = sourcecode.swift; path = CameraSettingsViewController.swift; sourceTree = "<group>"; };
		96E9F4CD1F626D71006B3F2F /* MissionSettingsViewController.swift */ = {isa = PBXFileReference; lastKnownFileType = sourcecode.swift; path = MissionSettingsViewController.swift; sourceTree = "<group>"; };
		96E9F4CE1F626D71006B3F2F /* PlaneStatsViewController.swift */ = {isa = PBXFileReference; lastKnownFileType = sourcecode.swift; path = PlaneStatsViewController.swift; sourceTree = "<group>"; };
		96E9F4D61F626E99006B3F2F /* HorizontalPicker.swift */ = {isa = PBXFileReference; lastKnownFileType = sourcecode.swift; path = HorizontalPicker.swift; sourceTree = "<group>"; };
		96E9F4D71F626E99006B3F2F /* HorizontalPicker.xib */ = {isa = PBXFileReference; lastKnownFileType = file.xib; path = HorizontalPicker.xib; sourceTree = "<group>"; };
		96E9F4DE1F6277A2006B3F2F /* GrandCanyon.csv */ = {isa = PBXFileReference; lastKnownFileType = text; path = GrandCanyon.csv; sourceTree = "<group>"; };
		96E9F4DF1F6277A2006B3F2F /* Hawaii.csv */ = {isa = PBXFileReference; lastKnownFileType = text; path = Hawaii.csv; sourceTree = "<group>"; };
		96E9F4E01F6277A2006B3F2F /* Pyrenees.csv */ = {isa = PBXFileReference; lastKnownFileType = text; path = Pyrenees.csv; sourceTree = "<group>"; };
		96E9F4E11F6277A2006B3F2F /* Snowdon.csv */ = {isa = PBXFileReference; lastKnownFileType = text; path = Snowdon.csv; sourceTree = "<group>"; };
/* End PBXFileReference section */

/* Begin PBXFrameworksBuildPhase section */
		96CE6BA71B662B9E0053F476 /* Frameworks */ = {
			isa = PBXFrameworksBuildPhase;
			buildActionMask = 2147483647;
			files = (
			);
			runOnlyForDeploymentPostprocessing = 0;
		};
/* End PBXFrameworksBuildPhase section */

/* Begin PBXGroup section */
		96CE6BA11B662B9E0053F476 = {
			isa = PBXGroup;
			children = (
				96862A091F625BAB005B5D1A /* ArcGIS.bundle */,
				966F5E9D1F7247A500D7E384 /* Bristol */,
				96E9F4DD1F6277A2006B3F2F /* Mission files */,
				96CE6BAC1B662B9E0053F476 /* 3DFlight */,
				96CE6BAB1B662B9E0053F476 /* Products */,
			);
			sourceTree = "<group>";
		};
		96CE6BAB1B662B9E0053F476 /* Products */ = {
			isa = PBXGroup;
			children = (
				96CE6BAA1B662B9E0053F476 /* 3DFlight.app */,
			);
			name = Products;
			sourceTree = "<group>";
		};
		96CE6BAC1B662B9E0053F476 /* 3DFlight */ = {
			isa = PBXGroup;
			children = (
				96E9F4D51F626E99006B3F2F /* HorizontalPicker */,
				96E9F4C81F626D71006B3F2F /* Animate 3D graphic */,
				96CE6BAF1B662B9E0053F476 /* AppDelegate.swift */,
				96CE6BB31B662B9E0053F476 /* Main.storyboard */,
				96CE6BB61B662B9E0053F476 /* Images.xcassets */,
				96CE6BB81B662B9E0053F476 /* LaunchScreen.xib */,
				96CE6BAD1B662B9E0053F476 /* Supporting Files */,
			);
			path = 3DFlight;
			sourceTree = "<group>";
		};
		96CE6BAD1B662B9E0053F476 /* Supporting Files */ = {
			isa = PBXGroup;
			children = (
				96CE6BAE1B662B9E0053F476 /* Info.plist */,
			);
			name = "Supporting Files";
			sourceTree = "<group>";
		};
		96E9F4C81F626D71006B3F2F /* Animate 3D graphic */ = {
			isa = PBXGroup;
			children = (
				96E9F4C91F626D71006B3F2F /* Animate3DGraphic.storyboard */,
				96E9F4CA1F626D71006B3F2F /* Animate3DGraphicViewController.swift */,
				96E9F4CB1F626D71006B3F2F /* CameraSettingsViewController.swift */,
				96E9F4CD1F626D71006B3F2F /* MissionSettingsViewController.swift */,
				96E9F4CE1F626D71006B3F2F /* PlaneStatsViewController.swift */,
			);
			path = "Animate 3D graphic";
			sourceTree = "<group>";
		};
		96E9F4D51F626E99006B3F2F /* HorizontalPicker */ = {
			isa = PBXGroup;
			children = (
				96E9F4D61F626E99006B3F2F /* HorizontalPicker.swift */,
				96E9F4D71F626E99006B3F2F /* HorizontalPicker.xib */,
			);
			path = HorizontalPicker;
			sourceTree = "<group>";
		};
		96E9F4DD1F6277A2006B3F2F /* Mission files */ = {
			isa = PBXGroup;
			children = (
				96E9F4DE1F6277A2006B3F2F /* GrandCanyon.csv */,
				96E9F4DF1F6277A2006B3F2F /* Hawaii.csv */,
				96E9F4E01F6277A2006B3F2F /* Pyrenees.csv */,
				96E9F4E11F6277A2006B3F2F /* Snowdon.csv */,
			);
			path = "Mission files";
			sourceTree = "<group>";
		};
/* End PBXGroup section */

/* Begin PBXNativeTarget section */
		96CE6BA91B662B9E0053F476 /* 3DFlight */ = {
			isa = PBXNativeTarget;
			buildConfigurationList = 96CE6BC91B662B9E0053F476 /* Build configuration list for PBXNativeTarget "3DFlight" */;
			buildPhases = (
				96CE6BA61B662B9E0053F476 /* Sources */,
				96CE6BA71B662B9E0053F476 /* Frameworks */,
				96CE6BA81B662B9E0053F476 /* Resources */,
			);
			buildRules = (
			);
			dependencies = (
			);
			name = 3DFlight;
			productName = ArcGISSample;
			productReference = 96CE6BAA1B662B9E0053F476 /* 3DFlight.app */;
			productType = "com.apple.product-type.application";
		};
/* End PBXNativeTarget section */

/* Begin PBXProject section */
		96CE6BA21B662B9E0053F476 /* Project object */ = {
			isa = PBXProject;
			attributes = {
				KnownAssetTags = (
					Bristol3DModel,
				);
				LastSwiftMigration = 0700;
				LastSwiftUpdateCheck = 0700;
				LastUpgradeCheck = 0900;
				ORGANIZATIONNAME = esrij;
				TargetAttributes = {
					96CE6BA91B662B9E0053F476 = {
						CreatedOnToolsVersion = 6.4;
						DevelopmentTeam = 8R3S2LHFP7;
						LastSwiftMigration = 0900;
						ProvisioningStyle = Automatic;
						SystemCapabilities = {
							com.apple.BackgroundModes = {
								enabled = 0;
							};
						};
					};
				};
			};
			buildConfigurationList = 96CE6BA51B662B9E0053F476 /* Build configuration list for PBXProject "3DFlight" */;
			compatibilityVersion = "Xcode 3.2";
			developmentRegion = English;
			hasScannedForEncodings = 0;
			knownRegions = (
				en,
				Base,
			);
			mainGroup = 96CE6BA11B662B9E0053F476;
			productRefGroup = 96CE6BAB1B662B9E0053F476 /* Products */;
			projectDirPath = "";
			projectRoot = "";
			targets = (
				96CE6BA91B662B9E0053F476 /* 3DFlight */,
			);
		};
/* End PBXProject section */

/* Begin PBXResourcesBuildPhase section */
		96CE6BA81B662B9E0053F476 /* Resources */ = {
			isa = PBXResourcesBuildPhase;
			buildActionMask = 2147483647;
			files = (
				96E9F4D01F626D7F006B3F2F /* Animate3DGraphic.storyboard in Resources */,
				96862A0A1F625BAB005B5D1A /* ArcGIS.bundle in Resources */,
				966F5E9E1F7247A500D7E384 /* Bristol in Resources */,
				96E9F4E51F6277F1006B3F2F /* Snowdon.csv in Resources */,
				96E9F4E31F6277EB006B3F2F /* Hawaii.csv in Resources */,
				96CE6BB51B662B9E0053F476 /* Main.storyboard in Resources */,
				96CE6BBA1B662B9E0053F476 /* LaunchScreen.xib in Resources */,
				96E9F4E21F6277E9006B3F2F /* GrandCanyon.csv in Resources */,
				96E9F4E41F6277EE006B3F2F /* Pyrenees.csv in Resources */,
				96CE6BB71B662B9E0053F476 /* Images.xcassets in Resources */,
				96E9F4D91F626EA7006B3F2F /* HorizontalPicker.xib in Resources */,
			);
			runOnlyForDeploymentPostprocessing = 0;
		};
/* End PBXResourcesBuildPhase section */

/* Begin PBXSourcesBuildPhase section */
		96CE6BA61B662B9E0053F476 /* Sources */ = {
			isa = PBXSourcesBuildPhase;
			buildActionMask = 2147483647;
			files = (
				96E9F4D81F626E9D006B3F2F /* HorizontalPicker.swift in Sources */,
				96E9F4D11F626D84006B3F2F /* Animate3DGraphicViewController.swift in Sources */,
				96CE6BB01B662B9E0053F476 /* AppDelegate.swift in Sources */,
				96E9F4D21F626D87006B3F2F /* CameraSettingsViewController.swift in Sources */,
				96E9F4D31F626D91006B3F2F /* MissionSettingsViewController.swift in Sources */,
				96E9F4D41F626D94006B3F2F /* PlaneStatsViewController.swift in Sources */,
			);
			runOnlyForDeploymentPostprocessing = 0;
		};
/* End PBXSourcesBuildPhase section */

/* Begin PBXVariantGroup section */
		96CE6BB31B662B9E0053F476 /* Main.storyboard */ = {
			isa = PBXVariantGroup;
			children = (
				96CE6BB41B662B9E0053F476 /* Base */,
			);
			name = Main.storyboard;
			sourceTree = "<group>";
		};
		96CE6BB81B662B9E0053F476 /* LaunchScreen.xib */ = {
			isa = PBXVariantGroup;
			children = (
				96CE6BB91B662B9E0053F476 /* Base */,
			);
			name = LaunchScreen.xib;
			sourceTree = "<group>";
		};
/* End PBXVariantGroup section */

/* Begin XCBuildConfiguration section */
		96CE6BC71B662B9E0053F476 /* Debug */ = {
			isa = XCBuildConfiguration;
			buildSettings = {
				ALWAYS_SEARCH_USER_PATHS = NO;
				CLANG_ANALYZER_LOCALIZABILITY_NONLOCALIZED = YES;
				CLANG_CXX_LANGUAGE_STANDARD = "gnu++0x";
				CLANG_CXX_LIBRARY = "libc++";
				CLANG_ENABLE_MODULES = YES;
				CLANG_ENABLE_OBJC_ARC = YES;
				CLANG_WARN_BLOCK_CAPTURE_AUTORELEASING = YES;
				CLANG_WARN_BOOL_CONVERSION = YES;
				CLANG_WARN_COMMA = YES;
				CLANG_WARN_CONSTANT_CONVERSION = YES;
				CLANG_WARN_DIRECT_OBJC_ISA_USAGE = YES_ERROR;
				CLANG_WARN_EMPTY_BODY = YES;
				CLANG_WARN_ENUM_CONVERSION = YES;
				CLANG_WARN_INFINITE_RECURSION = YES;
				CLANG_WARN_INT_CONVERSION = YES;
				CLANG_WARN_NON_LITERAL_NULL_CONVERSION = YES;
				CLANG_WARN_OBJC_LITERAL_CONVERSION = YES;
				CLANG_WARN_OBJC_ROOT_CLASS = YES_ERROR;
				CLANG_WARN_RANGE_LOOP_ANALYSIS = YES;
				CLANG_WARN_STRICT_PROTOTYPES = YES;
				CLANG_WARN_SUSPICIOUS_MOVE = YES;
				CLANG_WARN_UNREACHABLE_CODE = YES;
				CLANG_WARN__DUPLICATE_METHOD_MATCH = YES;
				"CODE_SIGN_IDENTITY[sdk=iphoneos*]" = "iPhone Developer";
				COPY_PHASE_STRIP = NO;
				DEBUG_INFORMATION_FORMAT = "dwarf-with-dsym";
				ENABLE_STRICT_OBJC_MSGSEND = YES;
				ENABLE_TESTABILITY = YES;
				FRAMEWORK_SEARCH_PATHS = "";
				GCC_C_LANGUAGE_STANDARD = gnu99;
				GCC_DYNAMIC_NO_PIC = NO;
				GCC_NO_COMMON_BLOCKS = YES;
				GCC_OPTIMIZATION_LEVEL = 0;
				GCC_PREPROCESSOR_DEFINITIONS = (
					"DEBUG=1",
					"$(inherited)",
				);
				GCC_SYMBOLS_PRIVATE_EXTERN = NO;
				GCC_WARN_64_TO_32_BIT_CONVERSION = YES;
				GCC_WARN_ABOUT_RETURN_TYPE = YES_ERROR;
				GCC_WARN_UNDECLARED_SELECTOR = YES;
				GCC_WARN_UNINITIALIZED_AUTOS = YES_AGGRESSIVE;
				GCC_WARN_UNUSED_FUNCTION = YES;
				GCC_WARN_UNUSED_VARIABLE = YES;
				IPHONEOS_DEPLOYMENT_TARGET = 9.0;
				MTL_ENABLE_DEBUG_INFO = YES;
				ONLY_ACTIVE_ARCH = YES;
				SDKROOT = iphoneos;
				SWIFT_OPTIMIZATION_LEVEL = "-Onone";
				TARGETED_DEVICE_FAMILY = "1,2";
				VALID_ARCHS = "armv7 armv7s arm64";
			};
			name = Debug;
		};
		96CE6BC81B662B9E0053F476 /* Release */ = {
			isa = XCBuildConfiguration;
			buildSettings = {
				ALWAYS_SEARCH_USER_PATHS = NO;
				CLANG_ANALYZER_LOCALIZABILITY_NONLOCALIZED = YES;
				CLANG_CXX_LANGUAGE_STANDARD = "gnu++0x";
				CLANG_CXX_LIBRARY = "libc++";
				CLANG_ENABLE_MODULES = YES;
				CLANG_ENABLE_OBJC_ARC = YES;
				CLANG_WARN_BLOCK_CAPTURE_AUTORELEASING = YES;
				CLANG_WARN_BOOL_CONVERSION = YES;
				CLANG_WARN_COMMA = YES;
				CLANG_WARN_CONSTANT_CONVERSION = YES;
				CLANG_WARN_DIRECT_OBJC_ISA_USAGE = YES_ERROR;
				CLANG_WARN_EMPTY_BODY = YES;
				CLANG_WARN_ENUM_CONVERSION = YES;
				CLANG_WARN_INFINITE_RECURSION = YES;
				CLANG_WARN_INT_CONVERSION = YES;
				CLANG_WARN_NON_LITERAL_NULL_CONVERSION = YES;
				CLANG_WARN_OBJC_LITERAL_CONVERSION = YES;
				CLANG_WARN_OBJC_ROOT_CLASS = YES_ERROR;
				CLANG_WARN_RANGE_LOOP_ANALYSIS = YES;
				CLANG_WARN_STRICT_PROTOTYPES = YES;
				CLANG_WARN_SUSPICIOUS_MOVE = YES;
				CLANG_WARN_UNREACHABLE_CODE = YES;
				CLANG_WARN__DUPLICATE_METHOD_MATCH = YES;
				"CODE_SIGN_IDENTITY[sdk=iphoneos*]" = "iPhone Developer";
				COPY_PHASE_STRIP = NO;
				DEBUG_INFORMATION_FORMAT = "dwarf-with-dsym";
				ENABLE_NS_ASSERTIONS = NO;
				ENABLE_STRICT_OBJC_MSGSEND = YES;
				FRAMEWORK_SEARCH_PATHS = "";
				GCC_C_LANGUAGE_STANDARD = gnu99;
				GCC_NO_COMMON_BLOCKS = YES;
				GCC_WARN_64_TO_32_BIT_CONVERSION = YES;
				GCC_WARN_ABOUT_RETURN_TYPE = YES_ERROR;
				GCC_WARN_UNDECLARED_SELECTOR = YES;
				GCC_WARN_UNINITIALIZED_AUTOS = YES_AGGRESSIVE;
				GCC_WARN_UNUSED_FUNCTION = YES;
				GCC_WARN_UNUSED_VARIABLE = YES;
				IPHONEOS_DEPLOYMENT_TARGET = 9.0;
				MTL_ENABLE_DEBUG_INFO = NO;
				ONLY_ACTIVE_ARCH = YES;
				SDKROOT = iphoneos;
				SWIFT_OPTIMIZATION_LEVEL = "-Owholemodule";
				TARGETED_DEVICE_FAMILY = "1,2";
				VALIDATE_PRODUCT = YES;
				VALID_ARCHS = "armv7 armv7s arm64";
			};
			name = Release;
		};
		96CE6BCA1B662B9E0053F476 /* Debug */ = {
			isa = XCBuildConfiguration;
			buildSettings = {
				ASSETCATALOG_COMPILER_APPICON_NAME = AppIcon;
				"CODE_SIGN_IDENTITY[sdk=iphoneos*]" = "iPhone Developer";
				CODE_SIGN_STYLE = Automatic;
				DEVELOPMENT_TEAM = 8R3S2LHFP7;
				ENABLE_BITCODE = NO;
				FRAMEWORK_SEARCH_PATHS = "$(HOME)/Library/SDKs/ArcGIS/iOS/Frameworks/Static";
				INFOPLIST_FILE = 3DFlight/Info.plist;
				IPHONEOS_DEPLOYMENT_TARGET = 9.0;
				LD_RUNPATH_SEARCH_PATHS = "$(inherited) @executable_path/Frameworks";
				ONLY_ACTIVE_ARCH = YES;
				OTHER_LDFLAGS = (
					"-ObjC",
					"-framework",
					ArcGIS,
					"-l",
					"c++",
				);
				PRODUCT_BUNDLE_IDENTIFIER = esrij.3dFlight;
				PRODUCT_NAME = "$(TARGET_NAME)";
				PROVISIONING_PROFILE_SPECIFIER = "";
				SWIFT_SWIFT3_OBJC_INFERENCE = Default;
				SWIFT_VERSION = 4.0;
				TARGETED_DEVICE_FAMILY = 1;
				VALID_ARCHS = "armv7 armv7s arm64";
				"VALID_ARCHS[sdk=*]" = "armv7 armv7s arm64";
			};
			name = Debug;
		};
		96CE6BCB1B662B9E0053F476 /* Release */ = {
			isa = XCBuildConfiguration;
			buildSettings = {
				ASSETCATALOG_COMPILER_APPICON_NAME = AppIcon;
				"CODE_SIGN_IDENTITY[sdk=iphoneos*]" = "iPhone Developer";
				CODE_SIGN_STYLE = Automatic;
				DEVELOPMENT_TEAM = 8R3S2LHFP7;
				ENABLE_BITCODE = NO;
				FRAMEWORK_SEARCH_PATHS = "$(HOME)/Library/SDKs/ArcGIS/iOS/Frameworks/Static";
				INFOPLIST_FILE = 3DFlight/Info.plist;
				IPHONEOS_DEPLOYMENT_TARGET = 9.0;
				LD_RUNPATH_SEARCH_PATHS = "$(inherited) @executable_path/Frameworks";
				ONLY_ACTIVE_ARCH = YES;
				OTHER_LDFLAGS = (
					"-ObjC",
					"-framework",
					ArcGIS,
					"-l",
					"c++",
				);
				PRODUCT_BUNDLE_IDENTIFIER = esrij.3dFlight;
				PRODUCT_NAME = "$(TARGET_NAME)";
				PROVISIONING_PROFILE_SPECIFIER = "";
				SWIFT_SWIFT3_OBJC_INFERENCE = Default;
				SWIFT_VERSION = 4.0;
				TARGETED_DEVICE_FAMILY = 1;
				VALID_ARCHS = "armv7 armv7s arm64";
			};
			name = Release;
		};
/* End XCBuildConfiguration section */

/* Begin XCConfigurationList section */
		96CE6BA51B662B9E0053F476 /* Build configuration list for PBXProject "3DFlight" */ = {
			isa = XCConfigurationList;
			buildConfigurations = (
				96CE6BC71B662B9E0053F476 /* Debug */,
				96CE6BC81B662B9E0053F476 /* Release */,
			);
			defaultConfigurationIsVisible = 0;
			defaultConfigurationName = Release;
		};
		96CE6BC91B662B9E0053F476 /* Build configuration list for PBXNativeTarget "3DFlight" */ = {
			isa = XCConfigurationList;
			buildConfigurations = (
				96CE6BCA1B662B9E0053F476 /* Debug */,
				96CE6BCB1B662B9E0053F476 /* Release */,
			);
			defaultConfigurationIsVisible = 0;
			defaultConfigurationName = Release;
		};
/* End XCConfigurationList section */
	};
	rootObject = 96CE6BA21B662B9E0053F476 /* Project object */;
}
